
Microsoft Visual Studio Solution File, Format Version 12.00
# Visual Studio Version 17
VisualStudioVersion = 17.2.32630.192
MinimumVisualStudioVersion = 10.0.40219.1
Project("{9A19103F-16F7-4668-BE54-9A1E7A4F7556}") = "CreatorOS", "CreatorOS\CreatorOS.csproj", "{52833083-BF65-4477-9FA2-97769FF0EDB2}"
EndProject
Global
	GlobalSection(SolutionConfigurationPlatforms) = preSolution
		Debug|Any CPU = Debug|Any CPU
		Release|Any CPU = Release|Any CPU
	EndGlobalSection
	GlobalSection(ProjectConfigurationPlatforms) = postSolution
		{52833083-BF65-4477-9FA2-97769FF0EDB2}.Debug|Any CPU.ActiveCfg = Debug|Any CPU
		{52833083-BF65-4477-9FA2-97769FF0EDB2}.Debug|Any CPU.Build.0 = Debug|Any CPU
		{52833083-BF65-4477-9FA2-97769FF0EDB2}.Release|Any CPU.ActiveCfg = Release|Any CPU
		{52833083-BF65-4477-9FA2-97769FF0EDB2}.Release|Any CPU.Build.0 = Release|Any CPU
	EndGlobalSection
	GlobalSection(SolutionProperties) = preSolution
		HideSolutionNode = FALSE
	EndGlobalSection
	GlobalSection(ExtensibilityGlobals) = postSolution
		SolutionGuid = {E339640A-F7BA-494C-83C6-A2C77B73D3F5}
	EndGlobalSection
EndGlobal
